
Microsoft Visual Studio Solution File, Format Version 12.00
# Visual Studio 2012
Project("{FAE04EC0-301F-11D3-BF4B-00C04F79EFBC}") = "AYESHA_HAKIM_LIC_Coding", "AYESHA_HAKIM_LIC_Coding\AYESHA_HAKIM_LIC_Coding.csproj", "{A1D57435-79FF-4635-8F07-D13444E8DDA5}"
EndProject
Global
	GlobalSection(SolutionConfigurationPlatforms) = preSolution
		Debug|x86 = Debug|x86
		Release|x86 = Release|x86
	EndGlobalSection
	GlobalSection(ProjectConfigurationPlatforms) = postSolution
		{A1D57435-79FF-4635-8F07-D13444E8DDA5}.Debug|x86.ActiveCfg = Debug|x86
		{A1D57435-79FF-4635-8F07-D13444E8DDA5}.Debug|x86.Build.0 = Debug|x86
		{A1D57435-79FF-4635-8F07-D13444E8DDA5}.Release|x86.ActiveCfg = Release|x86
		{A1D57435-79FF-4635-8F07-D13444E8DDA5}.Release|x86.Build.0 = Release|x86
	EndGlobalSection
EndGlobal
